
Microsoft Visual Studio Solution File, Format Version 12.00
# Visual Studio Version 17
VisualStudioVersion = 17.6.33829.357
MinimumVisualStudioVersion = 10.0.40219.1
Project("{FAE04EC0-301F-11D3-BF4B-00C04F79EFBC}") = "StarField", "StarField\StarField.csproj", "{9FBC469D-1DD3-4715-8ECC-68CE9737AD83}"
EndProject
Global
	GlobalSection(SolutionConfigurationPlatforms) = preSolution
		Debug|Any CPU = Debug|Any CPU
		Release|Any CPU = Release|Any CPU
	EndGlobalSection
	GlobalSection(ProjectConfigurationPlatforms) = postSolution
		{9FBC469D-1DD3-4715-8ECC-68CE9737AD83}.Debug|Any CPU.ActiveCfg = Debug|Any CPU
		{9FBC469D-1DD3-4715-8ECC-68CE9737AD83}.Debug|Any CPU.Build.0 = Debug|Any CPU
		{9FBC469D-1DD3-4715-8ECC-68CE9737AD83}.Release|Any CPU.ActiveCfg = Release|Any CPU
		{9FBC469D-1DD3-4715-8ECC-68CE9737AD83}.Release|Any CPU.Build.0 = Release|Any CPU
	EndGlobalSection
	GlobalSection(SolutionProperties) = preSolution
		HideSolutionNode = FALSE
	EndGlobalSection
	GlobalSection(ExtensibilityGlobals) = postSolution
		SolutionGuid = {9F75AF7D-02F1-42BA-B3FB-00A79982A032}
	EndGlobalSection
EndGlobal
